
Microsoft Visual Studio Solution File, Format Version 12.00
# Visual Studio 15
VisualStudioVersion = 15.0.26430.6
MinimumVisualStudioVersion = 10.0.40219.1
Project("{FAE04EC0-301F-11D3-BF4B-00C04F79EFBC}") = "MultiChatClient", "MultiChatClient\MultiChatClient.csproj", "{585D3C08-1729-41BD-9279-03060303D0AB}"
EndProject
Project("{FAE04EC0-301F-11D3-BF4B-00C04F79EFBC}") = "MultiChatServer", "MultiChatServer\MultiChatServer.csproj", "{439E23FD-B76A-44FF-83C6-DC351ED3D48D}"
EndProject
Global
	GlobalSection(SolutionConfigurationPlatforms) = preSolution
		Debug|Any CPU = Debug|Any CPU
		Release|Any CPU = Release|Any CPU
	EndGlobalSection
	GlobalSection(ProjectConfigurationPlatforms) = postSolution
		{585D3C08-1729-41BD-9279-03060303D0AB}.Debug|Any CPU.ActiveCfg = Debug|Any CPU
		{585D3C08-1729-41BD-9279-03060303D0AB}.Debug|Any CPU.Build.0 = Debug|Any CPU
		{585D3C08-1729-41BD-9279-03060303D0AB}.Release|Any CPU.ActiveCfg = Release|Any CPU
		{585D3C08-1729-41BD-9279-03060303D0AB}.Release|Any CPU.Build.0 = Release|Any CPU
		{439E23FD-B76A-44FF-83C6-DC351ED3D48D}.Debug|Any CPU.ActiveCfg = Debug|Any CPU
		{439E23FD-B76A-44FF-83C6-DC351ED3D48D}.Debug|Any CPU.Build.0 = Debug|Any CPU
		{439E23FD-B76A-44FF-83C6-DC351ED3D48D}.Release|Any CPU.ActiveCfg = Release|Any CPU
		{439E23FD-B76A-44FF-83C6-DC351ED3D48D}.Release|Any CPU.Build.0 = Release|Any CPU
	EndGlobalSection
	GlobalSection(SolutionProperties) = preSolution
		HideSolutionNode = FALSE
	EndGlobalSection
EndGlobal
